// !$*UTF8*$!
{
	archiveVersion = 1;
	classes = {
	};
	objectVersion = 51;
	objects = {

/* Begin PBXBuildFile section */
		4DCCF1E9787A21FA4BD4EE9F /* Pods_What_to_Make.framework in Frameworks */ = {isa = PBXBuildFile; fileRef = CC378A188847D5AB1E6B8E91 /* Pods_What_to_Make.framework */; };
		751664AF26BB3FD000CBACCC /* IngredientTableViewCell.swift in Sources */ = {isa = PBXBuildFile; fileRef = 751664AD26BB3FD000CBACCC /* IngredientTableViewCell.swift */; };
		751664B026BB3FD000CBACCC /* IngredientTableViewCell.xib in Resources */ = {isa = PBXBuildFile; fileRef = 751664AE26BB3FD000CBACCC /* IngredientTableViewCell.xib */; };
		751664B326BC4A5D00CBACCC /* DirectionTableViewCell.swift in Sources */ = {isa = PBXBuildFile; fileRef = 751664B126BC4A5D00CBACCC /* DirectionTableViewCell.swift */; };
		751664B426BC4A5D00CBACCC /* DirectionTableViewCell.xib in Resources */ = {isa = PBXBuildFile; fileRef = 751664B226BC4A5D00CBACCC /* DirectionTableViewCell.xib */; };
		751664BC26C1AA0700CBACCC /* FilterHeaderTableViewCell.swift in Sources */ = {isa = PBXBuildFile; fileRef = 751664BA26C1AA0700CBACCC /* FilterHeaderTableViewCell.swift */; };
		751664BD26C1AA0700CBACCC /* FilterHeaderTableViewCell.xib in Resources */ = {isa = PBXBuildFile; fileRef = 751664BB26C1AA0700CBACCC /* FilterHeaderTableViewCell.xib */; };
		751664C026C1AD8900CBACCC /* FilterCollectionTableViewCell.swift in Sources */ = {isa = PBXBuildFile; fileRef = 751664BE26C1AD8900CBACCC /* FilterCollectionTableViewCell.swift */; };
		751664C126C1AD8900CBACCC /* FilterCollectionTableViewCell.xib in Resources */ = {isa = PBXBuildFile; fileRef = 751664BF26C1AD8900CBACCC /* FilterCollectionTableViewCell.xib */; };
		751664C726C1EACF00CBACCC /* ButtonCollectionViewCell.swift in Sources */ = {isa = PBXBuildFile; fileRef = 751664C526C1EACF00CBACCC /* ButtonCollectionViewCell.swift */; };
		751664C826C1EACF00CBACCC /* ButtonCollectionViewCell.xib in Resources */ = {isa = PBXBuildFile; fileRef = 751664C626C1EACF00CBACCC /* ButtonCollectionViewCell.xib */; };
		753AF04E26A9D06200AE1D54 /* AppDelegate.swift in Sources */ = {isa = PBXBuildFile; fileRef = 753AF04D26A9D06200AE1D54 /* AppDelegate.swift */; };
		753AF05026A9D06200AE1D54 /* SceneDelegate.swift in Sources */ = {isa = PBXBuildFile; fileRef = 753AF04F26A9D06200AE1D54 /* SceneDelegate.swift */; };
		753AF05526A9D06200AE1D54 /* Main.storyboard in Resources */ = {isa = PBXBuildFile; fileRef = 753AF05326A9D06200AE1D54 /* Main.storyboard */; };
		753AF05726A9D06300AE1D54 /* Assets.xcassets in Resources */ = {isa = PBXBuildFile; fileRef = 753AF05626A9D06300AE1D54 /* Assets.xcassets */; };
		753AF05A26A9D06300AE1D54 /* LaunchScreen.storyboard in Resources */ = {isa = PBXBuildFile; fileRef = 753AF05826A9D06300AE1D54 /* LaunchScreen.storyboard */; };
		753AF06226A9D13800AE1D54 /* TabBarController.swift in Sources */ = {isa = PBXBuildFile; fileRef = 753AF06126A9D13800AE1D54 /* TabBarController.swift */; };
		753AF06726A9D16000AE1D54 /* FeedViewController.swift in Sources */ = {isa = PBXBuildFile; fileRef = 753AF06326A9D16000AE1D54 /* FeedViewController.swift */; };
		753AF06826A9D16000AE1D54 /* Extensions.swift in Sources */ = {isa = PBXBuildFile; fileRef = 753AF06426A9D16000AE1D54 /* Extensions.swift */; };
		753AF06926A9D16000AE1D54 /* FilterViewController.swift in Sources */ = {isa = PBXBuildFile; fileRef = 753AF06526A9D16000AE1D54 /* FilterViewController.swift */; };
		753AF06A26A9D16000AE1D54 /* FolderViewController.swift in Sources */ = {isa = PBXBuildFile; fileRef = 753AF06626A9D16000AE1D54 /* FolderViewController.swift */; };
		753AF06F26A9EC1500AE1D54 /* PhotoCollectionViewCell.swift in Sources */ = {isa = PBXBuildFile; fileRef = 753AF06E26A9EC1500AE1D54 /* PhotoCollectionViewCell.swift */; };
		753AF07126AA1CB300AE1D54 /* RecipeInfoViewController.swift in Sources */ = {isa = PBXBuildFile; fileRef = 753AF07026AA1CB300AE1D54 /* RecipeInfoViewController.swift */; };
		753AF07326AA200200AE1D54 /* TSBlurEffectView.swift in Sources */ = {isa = PBXBuildFile; fileRef = 753AF07226AA200200AE1D54 /* TSBlurEffectView.swift */; };
		75A25C7726AE575C00A6643F /* dynamicColor.swift in Sources */ = {isa = PBXBuildFile; fileRef = 75A25C7626AE575C00A6643F /* dynamicColor.swift */; };
		75A25C7926AE75C800A6643F /* WebViewViewController.swift in Sources */ = {isa = PBXBuildFile; fileRef = 75A25C7826AE75C800A6643F /* WebViewViewController.swift */; };
		75DA0A4126C591F500A2CF1F /* GoogleService-Info.plist in Resources */ = {isa = PBXBuildFile; fileRef = 75DA0A4026C591F500A2CF1F /* GoogleService-Info.plist */; };
		75DA0A4726CAF2E500A2CF1F /* RecipeItem.swift in Sources */ = {isa = PBXBuildFile; fileRef = 75DA0A4626CAF2E500A2CF1F /* RecipeItem.swift */; };
/* End PBXBuildFile section */

/* Begin PBXFileReference section */
		35915F2ED7B5E953EAD0E1C8 /* Pods-What to Make.debug.xcconfig */ = {isa = PBXFileReference; includeInIndex = 1; lastKnownFileType = text.xcconfig; name = "Pods-What to Make.debug.xcconfig"; path = "Target Support Files/Pods-What to Make/Pods-What to Make.debug.xcconfig"; sourceTree = "<group>"; };
		496B42D7A453ACCFDF88FF34 /* Pods-What to Make.release.xcconfig */ = {isa = PBXFileReference; includeInIndex = 1; lastKnownFileType = text.xcconfig; name = "Pods-What to Make.release.xcconfig"; path = "Target Support Files/Pods-What to Make/Pods-What to Make.release.xcconfig"; sourceTree = "<group>"; };
		751664AD26BB3FD000CBACCC /* IngredientTableViewCell.swift */ = {isa = PBXFileReference; lastKnownFileType = sourcecode.swift; path = IngredientTableViewCell.swift; sourceTree = "<group>"; };
		751664AE26BB3FD000CBACCC /* IngredientTableViewCell.xib */ = {isa = PBXFileReference; lastKnownFileType = file.xib; path = IngredientTableViewCell.xib; sourceTree = "<group>"; };
		751664B126BC4A5D00CBACCC /* DirectionTableViewCell.swift */ = {isa = PBXFileReference; lastKnownFileType = sourcecode.swift; path = DirectionTableViewCell.swift; sourceTree = "<group>"; };
		751664B226BC4A5D00CBACCC /* DirectionTableViewCell.xib */ = {isa = PBXFileReference; lastKnownFileType = file.xib; path = DirectionTableViewCell.xib; sourceTree = "<group>"; };
		751664BA26C1AA0700CBACCC /* FilterHeaderTableViewCell.swift */ = {isa = PBXFileReference; lastKnownFileType = sourcecode.swift; path = FilterHeaderTableViewCell.swift; sourceTree = "<group>"; };
		751664BB26C1AA0700CBACCC /* FilterHeaderTableViewCell.xib */ = {isa = PBXFileReference; lastKnownFileType = file.xib; path = FilterHeaderTableViewCell.xib; sourceTree = "<group>"; };
		751664BE26C1AD8900CBACCC /* FilterCollectionTableViewCell.swift */ = {isa = PBXFileReference; lastKnownFileType = sourcecode.swift; path = FilterCollectionTableViewCell.swift; sourceTree = "<group>"; };
		751664BF26C1AD8900CBACCC /* FilterCollectionTableViewCell.xib */ = {isa = PBXFileReference; lastKnownFileType = file.xib; path = FilterCollectionTableViewCell.xib; sourceTree = "<group>"; };
		751664C526C1EACF00CBACCC /* ButtonCollectionViewCell.swift */ = {isa = PBXFileReference; lastKnownFileType = sourcecode.swift; path = ButtonCollectionViewCell.swift; sourceTree = "<group>"; };
		751664C626C1EACF00CBACCC /* ButtonCollectionViewCell.xib */ = {isa = PBXFileReference; lastKnownFileType = file.xib; path = ButtonCollectionViewCell.xib; sourceTree = "<group>"; };
		753AF04A26A9D06200AE1D54 /* What to Make.app */ = {isa = PBXFileReference; explicitFileType = wrapper.application; includeInIndex = 0; path = "What to Make.app"; sourceTree = BUILT_PRODUCTS_DIR; };
		753AF04D26A9D06200AE1D54 /* AppDelegate.swift */ = {isa = PBXFileReference; lastKnownFileType = sourcecode.swift; path = AppDelegate.swift; sourceTree = "<group>"; };
		753AF04F26A9D06200AE1D54 /* SceneDelegate.swift */ = {isa = PBXFileReference; lastKnownFileType = sourcecode.swift; path = SceneDelegate.swift; sourceTree = "<group>"; };
		753AF05426A9D06200AE1D54 /* Base */ = {isa = PBXFileReference; lastKnownFileType = file.storyboard; name = Base; path = Base.lproj/Main.storyboard; sourceTree = "<group>"; };
		753AF05626A9D06300AE1D54 /* Assets.xcassets */ = {isa = PBXFileReference; lastKnownFileType = folder.assetcatalog; path = Assets.xcassets; sourceTree = "<group>"; };
		753AF05926A9D06300AE1D54 /* Base */ = {isa = PBXFileReference; lastKnownFileType = file.storyboard; name = Base; path = Base.lproj/LaunchScreen.storyboard; sourceTree = "<group>"; };
		753AF05B26A9D06300AE1D54 /* Info.plist */ = {isa = PBXFileReference; lastKnownFileType = text.plist.xml; path = Info.plist; sourceTree = "<group>"; };
		753AF06126A9D13800AE1D54 /* TabBarController.swift */ = {isa = PBXFileReference; fileEncoding = 4; lastKnownFileType = sourcecode.swift; path = TabBarController.swift; sourceTree = "<group>"; };
		753AF06326A9D16000AE1D54 /* FeedViewController.swift */ = {isa = PBXFileReference; fileEncoding = 4; lastKnownFileType = sourcecode.swift; path = FeedViewController.swift; sourceTree = "<group>"; };
		753AF06426A9D16000AE1D54 /* Extensions.swift */ = {isa = PBXFileReference; fileEncoding = 4; lastKnownFileType = sourcecode.swift; path = Extensions.swift; sourceTree = "<group>"; };
		753AF06526A9D16000AE1D54 /* FilterViewController.swift */ = {isa = PBXFileReference; fileEncoding = 4; lastKnownFileType = sourcecode.swift; path = FilterViewController.swift; sourceTree = "<group>"; };
		753AF06626A9D16000AE1D54 /* FolderViewController.swift */ = {isa = PBXFileReference; fileEncoding = 4; lastKnownFileType = sourcecode.swift; path = FolderViewController.swift; sourceTree = "<group>"; };
		753AF06E26A9EC1500AE1D54 /* PhotoCollectionViewCell.swift */ = {isa = PBXFileReference; fileEncoding = 4; lastKnownFileType = sourcecode.swift; path = PhotoCollectionViewCell.swift; sourceTree = "<group>"; };
		753AF07026AA1CB300AE1D54 /* RecipeInfoViewController.swift */ = {isa = PBXFileReference; lastKnownFileType = sourcecode.swift; path = RecipeInfoViewController.swift; sourceTree = "<group>"; };
		753AF07226AA200200AE1D54 /* TSBlurEffectView.swift */ = {isa = PBXFileReference; fileEncoding = 4; lastKnownFileType = sourcecode.swift; path = TSBlurEffectView.swift; sourceTree = "<group>"; };
		75A25C7626AE575C00A6643F /* dynamicColor.swift */ = {isa = PBXFileReference; lastKnownFileType = sourcecode.swift; path = dynamicColor.swift; sourceTree = "<group>"; };
		75A25C7826AE75C800A6643F /* WebViewViewController.swift */ = {isa = PBXFileReference; lastKnownFileType = sourcecode.swift; path = WebViewViewController.swift; sourceTree = "<group>"; };
		75DA0A4026C591F500A2CF1F /* GoogleService-Info.plist */ = {isa = PBXFileReference; fileEncoding = 4; lastKnownFileType = text.plist.xml; path = "GoogleService-Info.plist"; sourceTree = "<group>"; };
		75DA0A4626CAF2E500A2CF1F /* RecipeItem.swift */ = {isa = PBXFileReference; lastKnownFileType = sourcecode.swift; path = RecipeItem.swift; sourceTree = "<group>"; };
		CC378A188847D5AB1E6B8E91 /* Pods_What_to_Make.framework */ = {isa = PBXFileReference; explicitFileType = wrapper.framework; includeInIndex = 0; path = Pods_What_to_Make.framework; sourceTree = BUILT_PRODUCTS_DIR; };
/* End PBXFileReference section */

/* Begin PBXFrameworksBuildPhase section */
		753AF04726A9D06200AE1D54 /* Frameworks */ = {
			isa = PBXFrameworksBuildPhase;
			buildActionMask = 2147483647;
			files = (
				4DCCF1E9787A21FA4BD4EE9F /* Pods_What_to_Make.framework in Frameworks */,
			);
			runOnlyForDeploymentPostprocessing = 0;
		};
/* End PBXFrameworksBuildPhase section */

/* Begin PBXGroup section */
		3EF62FC4CAFBE6A6EF2B8C9A /* Frameworks */ = {
			isa = PBXGroup;
			children = (
				CC378A188847D5AB1E6B8E91 /* Pods_What_to_Make.framework */,
			);
			name = Frameworks;
			sourceTree = "<group>";
		};
		751664A826B83A7900CBACCC /* cells */ = {
			isa = PBXGroup;
			children = (
				751664B726C1A63000CBACCC /* filter */,
				751664B626C1A62600CBACCC /* photoCollection */,
				751664B526C1A61300CBACCC /* recipeInfo */,
			);
			path = cells;
			sourceTree = "<group>";
		};
		751664B526C1A61300CBACCC /* recipeInfo */ = {
			isa = PBXGroup;
			children = (
				751664AD26BB3FD000CBACCC /* IngredientTableViewCell.swift */,
				751664AE26BB3FD000CBACCC /* IngredientTableViewCell.xib */,
				751664B126BC4A5D00CBACCC /* DirectionTableViewCell.swift */,
				751664B226BC4A5D00CBACCC /* DirectionTableViewCell.xib */,
			);
			path = recipeInfo;
			sourceTree = "<group>";
		};
		751664B626C1A62600CBACCC /* photoCollection */ = {
			isa = PBXGroup;
			children = (
				753AF06E26A9EC1500AE1D54 /* PhotoCollectionViewCell.swift */,
			);
			path = photoCollection;
			sourceTree = "<group>";
		};
		751664B726C1A63000CBACCC /* filter */ = {
			isa = PBXGroup;
			children = (
				751664BA26C1AA0700CBACCC /* FilterHeaderTableViewCell.swift */,
				751664BB26C1AA0700CBACCC /* FilterHeaderTableViewCell.xib */,
				751664C226C1EA8900CBACCC /* collectionWork */,
			);
			path = filter;
			sourceTree = "<group>";
		};
		751664C226C1EA8900CBACCC /* collectionWork */ = {
			isa = PBXGroup;
			children = (
				751664BE26C1AD8900CBACCC /* FilterCollectionTableViewCell.swift */,
				751664BF26C1AD8900CBACCC /* FilterCollectionTableViewCell.xib */,
				751664C526C1EACF00CBACCC /* ButtonCollectionViewCell.swift */,
				751664C626C1EACF00CBACCC /* ButtonCollectionViewCell.xib */,
			);
			path = collectionWork;
			sourceTree = "<group>";
		};
		753AF04126A9D06200AE1D54 = {
			isa = PBXGroup;
			children = (
				753AF04C26A9D06200AE1D54 /* What to Make */,
				753AF04B26A9D06200AE1D54 /* Products */,
				C3834E5D740733EEB36BD820 /* Pods */,
				3EF62FC4CAFBE6A6EF2B8C9A /* Frameworks */,
			);
			sourceTree = "<group>";
		};
		753AF04B26A9D06200AE1D54 /* Products */ = {
			isa = PBXGroup;
			children = (
				753AF04A26A9D06200AE1D54 /* What to Make.app */,
			);
			name = Products;
			sourceTree = "<group>";
		};
		753AF04C26A9D06200AE1D54 /* What to Make */ = {
			isa = PBXGroup;
			children = (
				75DA0A4026C591F500A2CF1F /* GoogleService-Info.plist */,
				75A25C7326AC8A8100A6643F /* misc */,
				753AF06D26A9D91700AE1D54 /* models */,
				753AF06C26A9D91100AE1D54 /* views */,
				753AF06B26A9D90A00AE1D54 /* controllers */,
				753AF05626A9D06300AE1D54 /* Assets.xcassets */,
				753AF05B26A9D06300AE1D54 /* Info.plist */,
			);
			path = "What to Make";
			sourceTree = "<group>";
		};
		753AF06B26A9D90A00AE1D54 /* controllers */ = {
			isa = PBXGroup;
			children = (
				75A25C6626AC65DB00A6643F /* pageViews */,
				753AF06126A9D13800AE1D54 /* TabBarController.swift */,
				753AF07226AA200200AE1D54 /* TSBlurEffectView.swift */,
			);
			path = controllers;
			sourceTree = "<group>";
		};
		753AF06C26A9D91100AE1D54 /* views */ = {
			isa = PBXGroup;
			children = (
				753AF05326A9D06200AE1D54 /* Main.storyboard */,
				753AF05826A9D06300AE1D54 /* LaunchScreen.storyboard */,
			);
			path = views;
			sourceTree = "<group>";
		};
		753AF06D26A9D91700AE1D54 /* models */ = {
			isa = PBXGroup;
			children = (
				753AF04D26A9D06200AE1D54 /* AppDelegate.swift */,
				753AF04F26A9D06200AE1D54 /* SceneDelegate.swift */,
				753AF06426A9D16000AE1D54 /* Extensions.swift */,
				751664A826B83A7900CBACCC /* cells */,
				75DA0A4626CAF2E500A2CF1F /* RecipeItem.swift */,
			);
			path = models;
			sourceTree = "<group>";
		};
		75A25C6626AC65DB00A6643F /* pageViews */ = {
			isa = PBXGroup;
			children = (
				75A25C7826AE75C800A6643F /* WebViewViewController.swift */,
				753AF07026AA1CB300AE1D54 /* RecipeInfoViewController.swift */,
				753AF06326A9D16000AE1D54 /* FeedViewController.swift */,
				753AF06526A9D16000AE1D54 /* FilterViewController.swift */,
				753AF06626A9D16000AE1D54 /* FolderViewController.swift */,
			);
			path = pageViews;
			sourceTree = "<group>";
		};
		75A25C7326AC8A8100A6643F /* misc */ = {
			isa = PBXGroup;
			children = (
				75A25C7626AE575C00A6643F /* dynamicColor.swift */,
			);
			path = misc;
			sourceTree = "<group>";
		};
		C3834E5D740733EEB36BD820 /* Pods */ = {
			isa = PBXGroup;
			children = (
				35915F2ED7B5E953EAD0E1C8 /* Pods-What to Make.debug.xcconfig */,
				496B42D7A453ACCFDF88FF34 /* Pods-What to Make.release.xcconfig */,
			);
			path = Pods;
			sourceTree = "<group>";
		};
/* End PBXGroup section */

/* Begin PBXNativeTarget section */
		753AF04926A9D06200AE1D54 /* What to Make */ = {
			isa = PBXNativeTarget;
			buildConfigurationList = 753AF05E26A9D06300AE1D54 /* Build configuration list for PBXNativeTarget "What to Make" */;
			buildPhases = (
				7E12756A295B2D7C3F1E5E83 /* [CP] Check Pods Manifest.lock */,
				753AF04626A9D06200AE1D54 /* Sources */,
				753AF04726A9D06200AE1D54 /* Frameworks */,
				753AF04826A9D06200AE1D54 /* Resources */,
				7D8E8079093E3CF4C86C8EAB /* [CP] Embed Pods Frameworks */,
			);
			buildRules = (
			);
			dependencies = (
			);
			name = "What to Make";
			productName = "What to Make";
			productReference = 753AF04A26A9D06200AE1D54 /* What to Make.app */;
			productType = "com.apple.product-type.application";
		};
/* End PBXNativeTarget section */

/* Begin PBXProject section */
		753AF04226A9D06200AE1D54 /* Project object */ = {
			isa = PBXProject;
			attributes = {
				LastSwiftUpdateCheck = 1250;
				LastUpgradeCheck = 1250;
				TargetAttributes = {
					753AF04926A9D06200AE1D54 = {
						CreatedOnToolsVersion = 12.5.1;
					};
				};
			};
			buildConfigurationList = 753AF04526A9D06200AE1D54 /* Build configuration list for PBXProject "What to Make" */;
			compatibilityVersion = "Xcode 9.3";
			developmentRegion = en;
			hasScannedForEncodings = 0;
			knownRegions = (
				en,
				Base,
			);
			mainGroup = 753AF04126A9D06200AE1D54;
			productRefGroup = 753AF04B26A9D06200AE1D54 /* Products */;
			projectDirPath = "";
			projectRoot = "";
			targets = (
				753AF04926A9D06200AE1D54 /* What to Make */,
			);
		};
/* End PBXProject section */

/* Begin PBXResourcesBuildPhase section */
		753AF04826A9D06200AE1D54 /* Resources */ = {
			isa = PBXResourcesBuildPhase;
			buildActionMask = 2147483647;
			files = (
				751664C826C1EACF00CBACCC /* ButtonCollectionViewCell.xib in Resources */,
				75DA0A4126C591F500A2CF1F /* GoogleService-Info.plist in Resources */,
				751664C126C1AD8900CBACCC /* FilterCollectionTableViewCell.xib in Resources */,
				751664B026BB3FD000CBACCC /* IngredientTableViewCell.xib in Resources */,
				753AF05A26A9D06300AE1D54 /* LaunchScreen.storyboard in Resources */,
				753AF05726A9D06300AE1D54 /* Assets.xcassets in Resources */,
				753AF05526A9D06200AE1D54 /* Main.storyboard in Resources */,
				751664BD26C1AA0700CBACCC /* FilterHeaderTableViewCell.xib in Resources */,
				751664B426BC4A5D00CBACCC /* DirectionTableViewCell.xib in Resources */,
			);
			runOnlyForDeploymentPostprocessing = 0;
		};
/* End PBXResourcesBuildPhase section */

/* Begin PBXShellScriptBuildPhase section */
		7D8E8079093E3CF4C86C8EAB /* [CP] Embed Pods Frameworks */ = {
			isa = PBXShellScriptBuildPhase;
			buildActionMask = 2147483647;
			files = (
			);
			inputFileListPaths = (
				"${PODS_ROOT}/Target Support Files/Pods-What to Make/Pods-What to Make-frameworks-${CONFIGURATION}-input-files.xcfilelist",
			);
			name = "[CP] Embed Pods Frameworks";
			outputFileListPaths = (
				"${PODS_ROOT}/Target Support Files/Pods-What to Make/Pods-What to Make-frameworks-${CONFIGURATION}-output-files.xcfilelist",
			);
			runOnlyForDeploymentPostprocessing = 0;
			shellPath = /bin/sh;
			shellScript = "\"${PODS_ROOT}/Target Support Files/Pods-What to Make/Pods-What to Make-frameworks.sh\"\n";
			showEnvVarsInLog = 0;
		};
		7E12756A295B2D7C3F1E5E83 /* [CP] Check Pods Manifest.lock */ = {
			isa = PBXShellScriptBuildPhase;
			buildActionMask = 2147483647;
			files = (
			);
			inputFileListPaths = (
			);
			inputPaths = (
				"${PODS_PODFILE_DIR_PATH}/Podfile.lock",
				"${PODS_ROOT}/Manifest.lock",
			);
			name = "[CP] Check Pods Manifest.lock";
			outputFileListPaths = (
			);
			outputPaths = (
				"$(DERIVED_FILE_DIR)/Pods-What to Make-checkManifestLockResult.txt",
			);
			runOnlyForDeploymentPostprocessing = 0;
			shellPath = /bin/sh;
			shellScript = "diff \"${PODS_PODFILE_DIR_PATH}/Podfile.lock\" \"${PODS_ROOT}/Manifest.lock\" > /dev/null\nif [ $? != 0 ] ; then\n    # print error to STDERR\n    echo \"error: The sandbox is not in sync with the Podfile.lock. Run 'pod install' or update your CocoaPods installation.\" >&2\n    exit 1\nfi\n# This output is used by Xcode 'outputs' to avoid re-running this script phase.\necho \"SUCCESS\" > \"${SCRIPT_OUTPUT_FILE_0}\"\n";
			showEnvVarsInLog = 0;
		};
/* End PBXShellScriptBuildPhase section */

/* Begin PBXSourcesBuildPhase section */
		753AF04626A9D06200AE1D54 /* Sources */ = {
			isa = PBXSourcesBuildPhase;
			buildActionMask = 2147483647;
			files = (
				753AF06726A9D16000AE1D54 /* FeedViewController.swift in Sources */,
				753AF06F26A9EC1500AE1D54 /* PhotoCollectionViewCell.swift in Sources */,
				75DA0A4726CAF2E500A2CF1F /* RecipeItem.swift in Sources */,
				753AF07126AA1CB300AE1D54 /* RecipeInfoViewController.swift in Sources */,
				753AF06826A9D16000AE1D54 /* Extensions.swift in Sources */,
				753AF06926A9D16000AE1D54 /* FilterViewController.swift in Sources */,
				753AF07326AA200200AE1D54 /* TSBlurEffectView.swift in Sources */,
				751664AF26BB3FD000CBACCC /* IngredientTableViewCell.swift in Sources */,
				753AF06226A9D13800AE1D54 /* TabBarController.swift in Sources */,
				753AF04E26A9D06200AE1D54 /* AppDelegate.swift in Sources */,
				753AF06A26A9D16000AE1D54 /* FolderViewController.swift in Sources */,
				75A25C7726AE575C00A6643F /* dynamicColor.swift in Sources */,
				751664C026C1AD8900CBACCC /* FilterCollectionTableViewCell.swift in Sources */,
				75A25C7926AE75C800A6643F /* WebViewViewController.swift in Sources */,
				751664BC26C1AA0700CBACCC /* FilterHeaderTableViewCell.swift in Sources */,
				751664C726C1EACF00CBACCC /* ButtonCollectionViewCell.swift in Sources */,
				753AF05026A9D06200AE1D54 /* SceneDelegate.swift in Sources */,
				751664B326BC4A5D00CBACCC /* DirectionTableViewCell.swift in Sources */,
			);
			runOnlyForDeploymentPostprocessing = 0;
		};
/* End PBXSourcesBuildPhase section */

/* Begin PBXVariantGroup section */
		753AF05326A9D06200AE1D54 /* Main.storyboard */ = {
			isa = PBXVariantGroup;
			children = (
				753AF05426A9D06200AE1D54 /* Base */,
			);
			name = Main.storyboard;
			sourceTree = "<group>";
		};
		753AF05826A9D06300AE1D54 /* LaunchScreen.storyboard */ = {
			isa = PBXVariantGroup;
			children = (
				753AF05926A9D06300AE1D54 /* Base */,
			);
			name = LaunchScreen.storyboard;
			sourceTree = "<group>";
		};
/* End PBXVariantGroup section */

/* Begin XCBuildConfiguration section */
		753AF05C26A9D06300AE1D54 /* Debug */ = {
			isa = XCBuildConfiguration;
			buildSettings = {
				ALWAYS_SEARCH_USER_PATHS = NO;
				CLANG_ANALYZER_NONNULL = YES;
				CLANG_ANALYZER_NUMBER_OBJECT_CONVERSION = YES_AGGRESSIVE;
				CLANG_CXX_LANGUAGE_STANDARD = "gnu++14";
				CLANG_CXX_LIBRARY = "libc++";
				CLANG_ENABLE_MODULES = YES;
				CLANG_ENABLE_OBJC_ARC = YES;
				CLANG_ENABLE_OBJC_WEAK = YES;
				CLANG_WARN_BLOCK_CAPTURE_AUTORELEASING = YES;
				CLANG_WARN_BOOL_CONVERSION = YES;
				CLANG_WARN_COMMA = YES;
				CLANG_WARN_CONSTANT_CONVERSION = YES;
				CLANG_WARN_DEPRECATED_OBJC_IMPLEMENTATIONS = YES;
				CLANG_WARN_DIRECT_OBJC_ISA_USAGE = YES_ERROR;
				CLANG_WARN_DOCUMENTATION_COMMENTS = YES;
				CLANG_WARN_EMPTY_BODY = YES;
				CLANG_WARN_ENUM_CONVERSION = YES;
				CLANG_WARN_INFINITE_RECURSION = YES;
				CLANG_WARN_INT_CONVERSION = YES;
				CLANG_WARN_NON_LITERAL_NULL_CONVERSION = YES;
				CLANG_WARN_OBJC_IMPLICIT_RETAIN_SELF = YES;
				CLANG_WARN_OBJC_LITERAL_CONVERSION = YES;
				CLANG_WARN_OBJC_ROOT_CLASS = YES_ERROR;
				CLANG_WARN_QUOTED_INCLUDE_IN_FRAMEWORK_HEADER = YES;
				CLANG_WARN_RANGE_LOOP_ANALYSIS = YES;
				CLANG_WARN_STRICT_PROTOTYPES = YES;
				CLANG_WARN_SUSPICIOUS_MOVE = YES;
				CLANG_WARN_UNGUARDED_AVAILABILITY = YES_AGGRESSIVE;
				CLANG_WARN_UNREACHABLE_CODE = YES;
				CLANG_WARN__DUPLICATE_METHOD_MATCH = YES;
				COPY_PHASE_STRIP = NO;
				DEBUG_INFORMATION_FORMAT = dwarf;
				ENABLE_STRICT_OBJC_MSGSEND = YES;
				ENABLE_TESTABILITY = YES;
				GCC_C_LANGUAGE_STANDARD = gnu11;
				GCC_DYNAMIC_NO_PIC = NO;
				GCC_NO_COMMON_BLOCKS = YES;
				GCC_OPTIMIZATION_LEVEL = 0;
				GCC_PREPROCESSOR_DEFINITIONS = (
					"DEBUG=1",
					"$(inherited)",
				);
				GCC_WARN_64_TO_32_BIT_CONVERSION = YES;
				GCC_WARN_ABOUT_RETURN_TYPE = YES_ERROR;
				GCC_WARN_UNDECLARED_SELECTOR = YES;
				GCC_WARN_UNINITIALIZED_AUTOS = YES_AGGRESSIVE;
				GCC_WARN_UNUSED_FUNCTION = YES;
				GCC_WARN_UNUSED_VARIABLE = YES;
				IPHONEOS_DEPLOYMENT_TARGET = 14.5;
				MTL_ENABLE_DEBUG_INFO = INCLUDE_SOURCE;
				MTL_FAST_MATH = YES;
				ONLY_ACTIVE_ARCH = YES;
				SDKROOT = iphoneos;
				SWIFT_ACTIVE_COMPILATION_CONDITIONS = DEBUG;
				SWIFT_OPTIMIZATION_LEVEL = "-Onone";
			};
			name = Debug;
		};
		753AF05D26A9D06300AE1D54 /* Release */ = {
			isa = XCBuildConfiguration;
			buildSettings = {
				ALWAYS_SEARCH_USER_PATHS = NO;
				CLANG_ANALYZER_NONNULL = YES;
				CLANG_ANALYZER_NUMBER_OBJECT_CONVERSION = YES_AGGRESSIVE;
				CLANG_CXX_LANGUAGE_STANDARD = "gnu++14";
				CLANG_CXX_LIBRARY = "libc++";
				CLANG_ENABLE_MODULES = YES;
				CLANG_ENABLE_OBJC_ARC = YES;
				CLANG_ENABLE_OBJC_WEAK = YES;
				CLANG_WARN_BLOCK_CAPTURE_AUTORELEASING = YES;
				CLANG_WARN_BOOL_CONVERSION = YES;
				CLANG_WARN_COMMA = YES;
				CLANG_WARN_CONSTANT_CONVERSION = YES;
				CLANG_WARN_DEPRECATED_OBJC_IMPLEMENTATIONS = YES;
				CLANG_WARN_DIRECT_OBJC_ISA_USAGE = YES_ERROR;
				CLANG_WARN_DOCUMENTATION_COMMENTS = YES;
				CLANG_WARN_EMPTY_BODY = YES;
				CLANG_WARN_ENUM_CONVERSION = YES;
				CLANG_WARN_INFINITE_RECURSION = YES;
				CLANG_WARN_INT_CONVERSION = YES;
				CLANG_WARN_NON_LITERAL_NULL_CONVERSION = YES;
				CLANG_WARN_OBJC_IMPLICIT_RETAIN_SELF = YES;
				CLANG_WARN_OBJC_LITERAL_CONVERSION = YES;
				CLANG_WARN_OBJC_ROOT_CLASS = YES_ERROR;
				CLANG_WARN_QUOTED_INCLUDE_IN_FRAMEWORK_HEADER = YES;
				CLANG_WARN_RANGE_LOOP_ANALYSIS = YES;
				CLANG_WARN_STRICT_PROTOTYPES = YES;
				CLANG_WARN_SUSPICIOUS_MOVE = YES;
				CLANG_WARN_UNGUARDED_AVAILABILITY = YES_AGGRESSIVE;
				CLANG_WARN_UNREACHABLE_CODE = YES;
				CLANG_WARN__DUPLICATE_METHOD_MATCH = YES;
				COPY_PHASE_STRIP = NO;
				DEBUG_INFORMATION_FORMAT = "dwarf-with-dsym";
				ENABLE_NS_ASSERTIONS = NO;
				ENABLE_STRICT_OBJC_MSGSEND = YES;
				GCC_C_LANGUAGE_STANDARD = gnu11;
				GCC_NO_COMMON_BLOCKS = YES;
				GCC_WARN_64_TO_32_BIT_CONVERSION = YES;
				GCC_WARN_ABOUT_RETURN_TYPE = YES_ERROR;
				GCC_WARN_UNDECLARED_SELECTOR = YES;
				GCC_WARN_UNINITIALIZED_AUTOS = YES_AGGRESSIVE;
				GCC_WARN_UNUSED_FUNCTION = YES;
				GCC_WARN_UNUSED_VARIABLE = YES;
				IPHONEOS_DEPLOYMENT_TARGET = 14.5;
				MTL_ENABLE_DEBUG_INFO = NO;
				MTL_FAST_MATH = YES;
				SDKROOT = iphoneos;
				SWIFT_COMPILATION_MODE = wholemodule;
				SWIFT_OPTIMIZATION_LEVEL = "-O";
				VALIDATE_PRODUCT = YES;
			};
			name = Release;
		};
		753AF05F26A9D06300AE1D54 /* Debug */ = {
			isa = XCBuildConfiguration;
			baseConfigurationReference = 35915F2ED7B5E953EAD0E1C8 /* Pods-What to Make.debug.xcconfig */;
			buildSettings = {
				ASSETCATALOG_COMPILER_APPICON_NAME = AppIcon;
				ASSETCATALOG_COMPILER_GLOBAL_ACCENT_COLOR_NAME = AccentColor;
				CODE_SIGN_STYLE = Automatic;
				DEVELOPMENT_TEAM = WNDWTDC7AG;
				INFOPLIST_FILE = "What to Make/Info.plist";
				LD_RUNPATH_SEARCH_PATHS = (
					"$(inherited)",
					"@executable_path/Frameworks",
				);
				PRODUCT_BUNDLE_IDENTIFIER = "com.adisonEmerick.What-to-Make";
				PRODUCT_NAME = "$(TARGET_NAME)";
				SWIFT_VERSION = 5.0;
				TARGETED_DEVICE_FAMILY = "1,2";
			};
			name = Debug;
		};
		753AF06026A9D06300AE1D54 /* Release */ = {
			isa = XCBuildConfiguration;
			baseConfigurationReference = 496B42D7A453ACCFDF88FF34 /* Pods-What to Make.release.xcconfig */;
			buildSettings = {
				ASSETCATALOG_COMPILER_APPICON_NAME = AppIcon;
				ASSETCATALOG_COMPILER_GLOBAL_ACCENT_COLOR_NAME = AccentColor;
				CODE_SIGN_STYLE = Automatic;
				DEVELOPMENT_TEAM = WNDWTDC7AG;
				INFOPLIST_FILE = "What to Make/Info.plist";
				LD_RUNPATH_SEARCH_PATHS = (
					"$(inherited)",
					"@executable_path/Frameworks",
				);
				PRODUCT_BUNDLE_IDENTIFIER = "com.adisonEmerick.What-to-Make";
				PRODUCT_NAME = "$(TARGET_NAME)";
				SWIFT_VERSION = 5.0;
				TARGETED_DEVICE_FAMILY = "1,2";
			};
			name = Release;
		};
/* End XCBuildConfiguration section */

/* Begin XCConfigurationList section */
		753AF04526A9D06200AE1D54 /* Build configuration list for PBXProject "What to Make" */ = {
			isa = XCConfigurationList;
			buildConfigurations = (
				753AF05C26A9D06300AE1D54 /* Debug */,
				753AF05D26A9D06300AE1D54 /* Release */,
			);
			defaultConfigurationIsVisible = 0;
			defaultConfigurationName = Release;
		};
		753AF05E26A9D06300AE1D54 /* Build configuration list for PBXNativeTarget "What to Make" */ = {
			isa = XCConfigurationList;
			buildConfigurations = (
				753AF05F26A9D06300AE1D54 /* Debug */,
				753AF06026A9D06300AE1D54 /* Release */,
			);
			defaultConfigurationIsVisible = 0;
			defaultConfigurationName = Release;
		};
/* End XCConfigurationList section */
	};
	rootObject = 753AF04226A9D06200AE1D54 /* Project object */;
}
